
Microsoft Visual Studio Solution File, Format Version 12.00
Project("{FAE04EC0-301F-11D3-BF4B-00C04F79EFBC}") = "PlainClasses.ApiGateway", "src\PlainClasses.ApiGateway\PlainClasses.ApiGateway.csproj", "{D29C19EB-A29D-48E5-A903-850FC2B0BD39}"
EndProject
Global
	GlobalSection(SolutionConfigurationPlatforms) = preSolution
		Debug|Any CPU = Debug|Any CPU
		Release|Any CPU = Release|Any CPU
	EndGlobalSection
	GlobalSection(ProjectConfigurationPlatforms) = postSolution
		{D29C19EB-A29D-48E5-A903-850FC2B0BD39}.Debug|Any CPU.ActiveCfg = Debug|Any CPU
		{D29C19EB-A29D-48E5-A903-850FC2B0BD39}.Debug|Any CPU.Build.0 = Debug|Any CPU
		{D29C19EB-A29D-48E5-A903-850FC2B0BD39}.Release|Any CPU.ActiveCfg = Release|Any CPU
		{D29C19EB-A29D-48E5-A903-850FC2B0BD39}.Release|Any CPU.Build.0 = Release|Any CPU
	EndGlobalSection
EndGlobal
